hash: 0000410430b4c1c5c2fa6991f17885d62c70d118184998caf46ee6be6a2243c8
updated: 2017-07-16T18:59:04.701622869+09:00
imports:
- name: github.com/alfredxing/calc
  version: 0b39213bb782b6cf0efe522bad07e5ace546ed79
  subpackages:
  - compute
  - constants
  - operators
  - operators/functions
- name: github.com/andybalholm/cascadia
  version: 349dd0209470eabd9514242c688c403c0926d266
- name: github.com/bluele/mecab-golang
  version: ea8730ebba3459a29142f1149749250e6f187677
- name: github.com/boltdb/bolt
  version: e9cf4fae01b5a8ff89d0ec6b32f0d9c9f79aefdd
- name: github.com/BurntSushi/graphics-go
  version: b43f31a4a96688fba0b612e25e22648b9267e498
  subpackages:
  - graphics
  - graphics/convolve
  - graphics/interp
- name: github.com/cayleygraph/cayley
  version: 6dd377ffbb9531555a96495487946204ef6151b2
  subpackages:
  - clog
  - graph
  - graph/bolt
  - graph/iterator
  - graph/proto
  - quad
  - quad/pquads
  - quad/pquads/pio
  - voc
  - voc/schema
- name: github.com/cenkalti/backoff
  version: 61153c768f31ee5f130071d08fc82b85208528de
- name: github.com/dghubble/go-twitter
  version: 233fe7604eb496f3d7ac6735b781299713913422
  subpackages:
  - twitter
- name: github.com/dghubble/oauth1
  version: 7d51c10e15ca32917b32ce43f6e25840d6951db4
- name: github.com/dghubble/sling
  version: 80ec33c6152a53edb5545864ca37567b506c4ca5
- name: github.com/dustin/gojson
  version: 2e71ec9dd5adce3b168cd0dbde03b5cc04951c30
- name: github.com/fsnotify/fsnotify
  version: 4da3e2cfbabc9f751898f250b49f2439785783a1
- name: github.com/gogo/protobuf
  version: 6d097162a51e308ecd76eb70b4dbe07344534041
  subpackages:
  - gogoproto
  - proto
  - protoc-gen-gogo/descriptor
- name: github.com/google/go-querystring
  version: 53e6ce116135b80d037921a7fdd5138cf32d7a8a
  subpackages:
  - query
- name: github.com/hashicorp/hcl
  version: 392dba7d905ed5d04a5794ba89f558b27e2ba1ca
  subpackages:
  - hcl/ast
  - hcl/parser
  - hcl/scanner
  - hcl/strconv
  - hcl/token
  - json/parser
  - json/scanner
  - json/token
- name: github.com/jmcvetta/randutil
  version: 2bb1b664bcff821e02b2a0644cd29c7e824d54f8
- name: github.com/k0kubun/pp
  version: d1532fc5d94ecdf2da29e24d7b99721f3287de4a
- name: github.com/line/line-bot-sdk-go
  version: b25432f2bcee69c27e303c1e18857316911c8c6c
  subpackages:
  - linebot
- name: github.com/lucasb-eyer/go-colorful
  version: d1be5f1fbc7f63e693f460df83d52772eae2ca54
- name: github.com/magiconair/properties
  version: be5ece7dd465ab0765a9682137865547526d1dfb
- name: github.com/mattn/go-colorable
  version: 3fa8c76f9daed4067e4a806fb7e4dc86455c6d6a
- name: github.com/mattn/go-isatty
  version: fc9e8d8ef48496124e79ae0df75490096eccf6fe
- name: github.com/mattn/go-pipeline
  version: 4861b26ff5ba4743d594f2a8f763fe10be34e018
- name: github.com/mattn/go-sqlite3
  version: 47fc4e5e9153645da45af6a86a5bce95e63a0f9e
- name: github.com/mitchellh/mapstructure
  version: d0303fe809921458f417bcf828397a65db30a7e4
- name: github.com/nfnt/resize
  version: 891127d8d1b52734debe1b3c3d7e747502b6c366
- name: github.com/pborman/uuid
  version: e790cca94e6cc75c7064b1332e63811d4aae1a53
- name: github.com/pelletier/go-toml
  version: 69d355db5304c0f7f809a2edc054553e7142f016
- name: github.com/pkg/errors
  version: c605e284fe17294bda444b34710735b29d1a9d90
- name: github.com/PuerkitoBio/goquery
  version: 8806ada2a4ab225c06e9106f9631be80932db7ce
- name: github.com/robfig/cron
  version: 736158dc09e10f1911ca3a1e1b01f11b566ce5db
- name: github.com/soniakeys/quant
  version: 7a7ffac1cd8107abc01951c8ea5e9863ee18bbfa
  subpackages:
  - median
- name: github.com/spf13/afero
  version: 9be650865eab0c12963d8753212f4f9c66cdcf12
  subpackages:
  - mem
- name: github.com/spf13/cast
  version: acbeb36b902d72a7a4c18e8f3241075e7ab763e4
- name: github.com/spf13/jwalterweatherman
  version: 0efa5202c04663c757d84f90f5219c1250baf94f
- name: github.com/spf13/pflag
  version: e57e3eeb33f795204c1ca35f56c44f83227c6e66
- name: github.com/spf13/viper
  version: c1de95864d73a5465492829d7cb2dd422b19ac96
- name: github.com/urfave/cli
  version: 4b90d79a682b4bf685762c7452db20f2a676ecb2
- name: golang.org/x/net
  version: f01ecb60fe3835d80d9a0b7b2bf24b228c89260e
  subpackages:
  - context
  - context/ctxhttp
  - html
  - html/atom
- name: golang.org/x/sys
  version: 4cd6d1a821c7175768725b55ca82f14683a29ea4
  subpackages:
  - unix
- name: golang.org/x/text
  version: 836efe42bb4aa16aaa17b9c155d8813d336ed720
  subpackages:
  - transform
  - unicode/norm
- name: gopkg.in/redis.v5
  version: a16aeec10ff407b1e7be6dd35797ccf5426ef0f0
  subpackages:
  - internal
  - internal/consistenthash
  - internal/hashtag
  - internal/pool
  - internal/proto
- name: gopkg.in/yaml.v2
  version: 3b4ad1db5b2a649883ff3782f5f9f6fb52be71af
testImports: []
